<Solution>
  <Project Path="src/UnturnedSingleplayerCheatMenu/UnturnedSingleplayerCheatMenu.csproj" />
  <Project Path="tests/FavoritesSerializationSmoke/FavoritesSerializationSmoke.csproj" />
  <Project Path="tests/ItemFilteringSmoke/ItemFilteringSmoke.csproj" />
  <Project Path="tests/LocalizationSmoke/LocalizationSmoke.csproj" />
  <Project Path="tests/ShortcutToggleSmoke/ShortcutToggleSmoke.csproj" />
  <Project Path="tests/TeleportSerializationSmoke/TeleportSerializationSmoke.csproj" />
  <Project Path="tests/VehicleThumbnailSettingsSmoke/VehicleThumbnailSettingsSmoke.csproj" />
</Solution>
